
Microsoft Visual Studio Solution File, Format Version 12.00
# Visual Studio 15
VisualStudioVersion = 15.0.28307.1000
MinimumVisualStudioVersion = 10.0.40219.1
Project("{FAE04EC0-301F-11D3-BF4B-00C04F79EFBC}") = "WebApplicationTaskCompletionSource2", "WebApplicationTaskCompletionSource2\WebApplicationTaskCompletionSource2.csproj", "{3E33B758-0C6A-469A-87A5-084D04D0B4E3}"
EndProject
Global
	GlobalSection(SolutionConfigurationPlatforms) = preSolution
		Debug|Any CPU = Debug|Any CPU
		Release|Any CPU = Release|Any CPU
	EndGlobalSection
	GlobalSection(ProjectConfigurationPlatforms) = postSolution
		{3E33B758-0C6A-469A-87A5-084D04D0B4E3}.Debug|Any CPU.ActiveCfg = Debug|Any CPU
		{3E33B758-0C6A-469A-87A5-084D04D0B4E3}.Debug|Any CPU.Build.0 = Debug|Any CPU
		{3E33B758-0C6A-469A-87A5-084D04D0B4E3}.Release|Any CPU.ActiveCfg = Release|Any CPU
		{3E33B758-0C6A-469A-87A5-084D04D0B4E3}.Release|Any CPU.Build.0 = Release|Any CPU
	EndGlobalSection
	GlobalSection(SolutionProperties) = preSolution
		HideSolutionNode = FALSE
	EndGlobalSection
	GlobalSection(ExtensibilityGlobals) = postSolution
		SolutionGuid = {171FA55A-2074-4D79-878B-1AF9D0902FA7}
	EndGlobalSection
EndGlobal
